
Microsoft Visual Studio Solution File, Format Version 12.00
# Visual Studio Version 17
VisualStudioVersion = 17.4.33213.308
MinimumVisualStudioVersion = 10.0.40219.1
Project("{FAE04EC0-301F-11D3-BF4B-00C04F79EFBC}") = "DesignPattern", "DesignPattern.csproj", "{BBD9A08F-4F0F-4E47-B510-493393FEC66D}"
EndProject
Project("{2150E333-8FDC-42A3-9474-1A3956D46DE8}") = "A- Creational Patterns", "A- Creational Patterns", "{9E797A54-283B-4A2D-BAF2-CB505F38DBF5}"
EndProject
Project("{2150E333-8FDC-42A3-9474-1A3956D46DE8}") = "1 - Singleton", "1 - Singleton", "{4AD8E7D0-7379-4A77-82E1-D21765B4C856}"
EndProject
Project("{FAE04EC0-301F-11D3-BF4B-00C04F79EFBC}") = "1 - Singleton", "..\1 - Singleton\1 - Singleton.csproj", "{C690CE37-142C-428D-AF48-383653C7CE1C}"
EndProject
Global
	GlobalSection(SolutionConfigurationPlatforms) = preSolution
		Debug|Any CPU = Debug|Any CPU
		Release|Any CPU = Release|Any CPU
	EndGlobalSection
	GlobalSection(ProjectConfigurationPlatforms) = postSolution
		{BBD9A08F-4F0F-4E47-B510-493393FEC66D}.Debug|Any CPU.ActiveCfg = Debug|Any CPU
		{BBD9A08F-4F0F-4E47-B510-493393FEC66D}.Debug|Any CPU.Build.0 = Debug|Any CPU
		{BBD9A08F-4F0F-4E47-B510-493393FEC66D}.Release|Any CPU.ActiveCfg = Release|Any CPU
		{BBD9A08F-4F0F-4E47-B510-493393FEC66D}.Release|Any CPU.Build.0 = Release|Any CPU
		{C690CE37-142C-428D-AF48-383653C7CE1C}.Debug|Any CPU.ActiveCfg = Debug|Any CPU
		{C690CE37-142C-428D-AF48-383653C7CE1C}.Debug|Any CPU.Build.0 = Debug|Any CPU
		{C690CE37-142C-428D-AF48-383653C7CE1C}.Release|Any CPU.ActiveCfg = Release|Any CPU
		{C690CE37-142C-428D-AF48-383653C7CE1C}.Release|Any CPU.Build.0 = Release|Any CPU
	EndGlobalSection
	GlobalSection(SolutionProperties) = preSolution
		HideSolutionNode = FALSE
	EndGlobalSection
	GlobalSection(NestedProjects) = preSolution
		{4AD8E7D0-7379-4A77-82E1-D21765B4C856} = {9E797A54-283B-4A2D-BAF2-CB505F38DBF5}
		{C690CE37-142C-428D-AF48-383653C7CE1C} = {4AD8E7D0-7379-4A77-82E1-D21765B4C856}
	EndGlobalSection
	GlobalSection(ExtensibilityGlobals) = postSolution
		SolutionGuid = {4F27D63B-AF85-43ED-A881-B226F18611E0}
	EndGlobalSection
EndGlobal
